
Microsoft Visual Studio Solution File, Format Version 12.00
# Visual Studio for Mac
Project("{FAE04EC0-301F-11D3-BF4B-00C04F79EFBC}") = "POIS_and_NAV_API", "POIS_and_NAV_API.csproj", "{5FCA18CF-5416-49A2-75ED-0B90FF5B8464}"
EndProject
Project("{FAE04EC0-301F-11D3-BF4B-00C04F79EFBC}") = "POIS_and_NAV_API.Editor", "POIS_and_NAV_API.Editor.csproj", "{0A721969-CDAC-39C5-5E4D-31022BE3AB66}"
EndProject
Global
	GlobalSection(SolutionConfigurationPlatforms) = preSolution
		Debug|Any CPU = Debug|Any CPU
		Release|Any CPU = Release|Any CPU
	EndGlobalSection
	GlobalSection(ProjectConfigurationPlatforms) = postSolution
		{5FCA18CF-5416-49A2-75ED-0B90FF5B8464}.Debug|Any CPU.ActiveCfg = Debug|Any CPU
		{5FCA18CF-5416-49A2-75ED-0B90FF5B8464}.Debug|Any CPU.Build.0 = Debug|Any CPU
		{5FCA18CF-5416-49A2-75ED-0B90FF5B8464}.Release|Any CPU.ActiveCfg = Release|Any CPU
		{5FCA18CF-5416-49A2-75ED-0B90FF5B8464}.Release|Any CPU.Build.0 = Release|Any CPU
		{0A721969-CDAC-39C5-5E4D-31022BE3AB66}.Debug|Any CPU.ActiveCfg = Debug|Any CPU
		{0A721969-CDAC-39C5-5E4D-31022BE3AB66}.Debug|Any CPU.Build.0 = Debug|Any CPU
		{0A721969-CDAC-39C5-5E4D-31022BE3AB66}.Release|Any CPU.ActiveCfg = Release|Any CPU
		{0A721969-CDAC-39C5-5E4D-31022BE3AB66}.Release|Any CPU.Build.0 = Release|Any CPU
	EndGlobalSection
	GlobalSection(SolutionProperties) = preSolution
		HideSolutionNode = FALSE
	EndGlobalSection
EndGlobal
